Microsoft Visual Studio Solution File, Format Version 12.00
# Visual Studio Version 17
VisualStudioVersion = 17.0.31912.275
MinimumVisualStudioVersion = 10.0.40219.1
Project("{FAE04EC0-301F-11D3-BF4B-00C04F79EFBC}") = "ReservationManagementSystem", "ReservationManagementSystem\ReservationManagementSystem.csproj", "{689D92F2-B3EE-4939-AFEE-64279568C90B}"
EndProject
Global
	GlobalSection(SolutionConfigurationPlatforms) = preSolution
		Debug|Any CPU = Debug|Any CPU
		Release|Any CPU = Release|Any CPU
	EndGlobalSection
	GlobalSection(ProjectConfigurationPlatforms) = postSolution
		{689D92F2-B3EE-4939-AFEE-64279568C90B}.Debug|Any CPU.ActiveCfg = Debug|Any CPU
		{689D92F2-B3EE-4939-AFEE-64279568C90B}.Debug|Any CPU.Build.0 = Debug|Any CPU
		{689D92F2-B3EE-4939-AFEE-64279568C90B}.Release|Any CPU.ActiveCfg = Release|Any CPU
		{689D92F2-B3EE-4939-AFEE-64279568C90B}.Release|Any CPU.Build.0 = Release|Any CPU
	EndGlobalSection
	GlobalSection(SolutionProperties) = preSolution
		HideSolutionNode = FALSE
	EndGlobalSection
	GlobalSection(ExtensibilityGlobals) = postSolution
		SolutionGuid = {0FAEC02D-F6FC-44C2-BBC5-C82DE72D6A31}
	EndGlobalSection
EndGlobal
